
Microsoft Visual Studio Solution File, Format Version 12.00
# Visual Studio 15
VisualStudioVersion = 15.0.28307.271
MinimumVisualStudioVersion = 10.0.40219.1
Project("{FAE04EC0-301F-11D3-BF4B-00C04F79EFBC}") = "DansTest", "DansTest\DansTest.csproj", "{5F80A8C3-DAB8-4AB0-8A6A-3C92A87B41BF}"
EndProject
Global
	GlobalSection(SolutionConfigurationPlatforms) = preSolution
		Debug|Any CPU = Debug|Any CPU
		Release|Any CPU = Release|Any CPU
	EndGlobalSection
	GlobalSection(ProjectConfigurationPlatforms) = postSolution
		{5F80A8C3-DAB8-4AB0-8A6A-3C92A87B41BF}.Debug|Any CPU.ActiveCfg = Debug|Any CPU
		{5F80A8C3-DAB8-4AB0-8A6A-3C92A87B41BF}.Debug|Any CPU.Build.0 = Debug|Any CPU
		{5F80A8C3-DAB8-4AB0-8A6A-3C92A87B41BF}.Release|Any CPU.ActiveCfg = Release|Any CPU
		{5F80A8C3-DAB8-4AB0-8A6A-3C92A87B41BF}.Release|Any CPU.Build.0 = Release|Any CPU
	EndGlobalSection
	GlobalSection(SolutionProperties) = preSolution
		HideSolutionNode = FALSE
	EndGlobalSection
	GlobalSection(ExtensibilityGlobals) = postSolution
		SolutionGuid = {57EB6820-1F04-4A49-93DD-CFC924FDDA2F}
	EndGlobalSection
EndGlobal
